# Generated by molto. Committed on purpose: it is what makes a
# build on another machine contain the same bytes as this one.
# Edit Project.toml, not this file.

version = 1
root = "moltest_coverage"

[[package]]
name = "moltest"
source = "git+https://github.com/moltobuild/moltest#master"
scopes = ["runtime"]
dependencies = []
